
Microsoft Visual Studio Solution File, Format Version 12.00
# Visual Studio Version 17
VisualStudioVersion = 17.2.32505.173
MinimumVisualStudioVersion = 10.0.40219.1
Project("{FAE04EC0-301F-11D3-BF4B-00C04F79EFBC}") = "MoodAnalyzerProblem", "MoodAnalyzerProblem\MoodAnalyzerProblem.csproj", "{822A76FE-5994-4011-802A-E2AE9E177FA9}"
EndProject
Project("{FAE04EC0-301F-11D3-BF4B-00C04F79EFBC}") = "MoodAnalyzerMSTesting", "MoodAnalyzerMSTesting\MoodAnalyzerMSTesting.csproj", "{60B38988-CADF-4C1C-AA6D-A600BC05EA6A}"
EndProject
Global
	GlobalSection(SolutionConfigurationPlatforms) = preSolution
		Debug|Any CPU = Debug|Any CPU
		Release|Any CPU = Release|Any CPU
	EndGlobalSection
	GlobalSection(ProjectConfigurationPlatforms) = postSolution
		{822A76FE-5994-4011-802A-E2AE9E177FA9}.Debug|Any CPU.ActiveCfg = Debug|Any CPU
		{822A76FE-5994-4011-802A-E2AE9E177FA9}.Debug|Any CPU.Build.0 = Debug|Any CPU
		{822A76FE-5994-4011-802A-E2AE9E177FA9}.Release|Any CPU.ActiveCfg = Release|Any CPU
		{822A76FE-5994-4011-802A-E2AE9E177FA9}.Release|Any CPU.Build.0 = Release|Any CPU
		{60B38988-CADF-4C1C-AA6D-A600BC05EA6A}.Debug|Any CPU.ActiveCfg = Debug|Any CPU
		{60B38988-CADF-4C1C-AA6D-A600BC05EA6A}.Debug|Any CPU.Build.0 = Debug|Any CPU
		{60B38988-CADF-4C1C-AA6D-A600BC05EA6A}.Release|Any CPU.ActiveCfg = Release|Any CPU
		{60B38988-CADF-4C1C-AA6D-A600BC05EA6A}.Release|Any CPU.Build.0 = Release|Any CPU
	EndGlobalSection
	GlobalSection(SolutionProperties) = preSolution
		HideSolutionNode = FALSE
	EndGlobalSection
	GlobalSection(ExtensibilityGlobals) = postSolution
		SolutionGuid = {576A2A76-85DD-4F60-BEC0-EA5E1EB347C1}
	EndGlobalSection
EndGlobal
